
Microsoft Visual Studio Solution File, Format Version 12.00
# Visual Studio Version 16
VisualStudioVersion = 16.0.31205.134
MinimumVisualStudioVersion = 10.0.40219.1
Project("{FAE04EC0-301F-11D3-BF4B-00C04F79EFBC}") = "QLLuongSP", "frmMain\QLLuongSP.csproj", "{BF3F0449-EA81-46D2-BE26-362280CCA358}"
EndProject
Project("{54435603-DBB4-11D2-8724-00A0C9A8B90C}") = "QLLSP", "QLLSP\QLLSP.vdproj", "{746FC052-A245-4F76-87F2-DBD4FCB8BFE5}"
EndProject
Global
	GlobalSection(SolutionConfigurationPlatforms) = preSolution
		Debug|Any CPU = Debug|Any CPU
		Release|Any CPU = Release|Any CPU
	EndGlobalSection
	GlobalSection(ProjectConfigurationPlatforms) = postSolution
		{BF3F0449-EA81-46D2-BE26-362280CCA358}.Debug|Any CPU.ActiveCfg = Debug|Any CPU
		{BF3F0449-EA81-46D2-BE26-362280CCA358}.Debug|Any CPU.Build.0 = Debug|Any CPU
		{BF3F0449-EA81-46D2-BE26-362280CCA358}.Release|Any CPU.ActiveCfg = Release|Any CPU
		{BF3F0449-EA81-46D2-BE26-362280CCA358}.Release|Any CPU.Build.0 = Release|Any CPU
		{746FC052-A245-4F76-87F2-DBD4FCB8BFE5}.Debug|Any CPU.ActiveCfg = Debug
		{746FC052-A245-4F76-87F2-DBD4FCB8BFE5}.Release|Any CPU.ActiveCfg = Release
	EndGlobalSection
	GlobalSection(SolutionProperties) = preSolution
		HideSolutionNode = FALSE
	EndGlobalSection
	GlobalSection(ExtensibilityGlobals) = postSolution
		SolutionGuid = {9E9510FD-CFC3-43B4-8784-9550946BA103}
	EndGlobalSection
EndGlobal
